// !$*UTF8*$!
{
	archiveVersion = 1;
	classes = {
	};
	objectVersion = 48;
	objects = {

/* Begin PBXBuildFile section */
		CBE8FF70218C8E8900213894 /* AppDelegate.swift in Sources */ = {isa = PBXBuildFile; fileRef = CBE8FF6F218C8E8900213894 /* AppDelegate.swift */; };
		CBE8FF72218C8E8900213894 /* ViewController.swift in Sources */ = {isa = PBXBuildFile; fileRef = CBE8FF71218C8E8900213894 /* ViewController.swift */; };
		CBE8FF75218C8E8900213894 /* Main.storyboard in Resources */ = {isa = PBXBuildFile; fileRef = CBE8FF73218C8E8900213894 /* Main.storyboard */; };
		CBE8FF77218C8E8900213894 /* Assets.xcassets in Resources */ = {isa = PBXBuildFile; fileRef = CBE8FF76218C8E8900213894 /* Assets.xcassets */; };
		CBE8FF7A218C8E8900213894 /* LaunchScreen.storyboard in Resources */ = {isa = PBXBuildFile; fileRef = CBE8FF78218C8E8900213894 /* LaunchScreen.storyboard */; };
		CBE8FF85218C8E8900213894 /* TheMovieDBTests.swift in Sources */ = {isa = PBXBuildFile; fileRef = CBE8FF84218C8E8900213894 /* TheMovieDBTests.swift */; };
		CBE8FF90218C8E8900213894 /* TheMovieDBUITests.swift in Sources */ = {isa = PBXBuildFile; fileRef = CBE8FF8F218C8E8900213894 /* TheMovieDBUITests.swift */; };
/* End PBXBuildFile section */

/* Begin PBXContainerItemProxy section */
		CBE8FF81218C8E8900213894 /* PBXContainerItemProxy */ = {
			isa = PBXContainerItemProxy;
			containerPortal = CBE8FF64218C8E8900213894 /* Project object */;
			proxyType = 1;
			remoteGlobalIDString = CBE8FF6B218C8E8900213894;
			remoteInfo = TheMovieDB;
		};
		CBE8FF8C218C8E8900213894 /* PBXContainerItemProxy */ = {
			isa = PBXContainerItemProxy;
			containerPortal = CBE8FF64218C8E8900213894 /* Project object */;
			proxyType = 1;
			remoteGlobalIDString = CBE8FF6B218C8E8900213894;
			remoteInfo = TheMovieDB;
		};
/* End PBXContainerItemProxy section */

/* Begin PBXFileReference section */
		CBE8FF6C218C8E8900213894 /* TheMovieDB.app */ = {isa = PBXFileReference; explicitFileType = wrapper.application; includeInIndex = 0; path = TheMovieDB.app; sourceTree = BUILT_PRODUCTS_DIR; };
		CBE8FF6F218C8E8900213894 /* AppDelegate.swift */ = {isa = PBXFileReference; lastKnownFileType = sourcecode.swift; path = AppDelegate.swift; sourceTree = "<group>"; };
		CBE8FF71218C8E8900213894 /* ViewController.swift */ = {isa = PBXFileReference; lastKnownFileType = sourcecode.swift; path = ViewController.swift; sourceTree = "<group>"; };
		CBE8FF74218C8E8900213894 /* Base */ = {isa = PBXFileReference; lastKnownFileType = file.storyboard; name = Base; path = Base.lproj/Main.storyboard; sourceTree = "<group>"; };
		CBE8FF76218C8E8900213894 /* Assets.xcassets */ = {isa = PBXFileReference; lastKnownFileType = folder.assetcatalog; path = Assets.xcassets; sourceTree = "<group>"; };
		CBE8FF79218C8E8900213894 /* Base */ = {isa = PBXFileReference; lastKnownFileType = file.storyboard; name = Base; path = Base.lproj/LaunchScreen.storyboard; sourceTree = "<group>"; };
		CBE8FF7B218C8E8900213894 /* Info.plist */ = {isa = PBXFileReference; lastKnownFileType = text.plist.xml; path = Info.plist; sourceTree = "<group>"; };
		CBE8FF80218C8E8900213894 /* TheMovieDBTests.xctest */ = {isa = PBXFileReference; explicitFileType = wrapper.cfbundle; includeInIndex = 0; path = TheMovieDBTests.xctest; sourceTree = BUILT_PRODUCTS_DIR; };
		CBE8FF84218C8E8900213894 /* TheMovieDBTests.swift */ = {isa = PBXFileReference; lastKnownFileType = sourcecode.swift; path = TheMovieDBTests.swift; sourceTree = "<group>"; };
		CBE8FF86218C8E8900213894 /* Info.plist */ = {isa = PBXFileReference; lastKnownFileType = text.plist.xml; path = Info.plist; sourceTree = "<group>"; };
		CBE8FF8B218C8E8900213894 /* TheMovieDBUITests.xctest */ = {isa = PBXFileReference; explicitFileType = wrapper.cfbundle; includeInIndex = 0; path = TheMovieDBUITests.xctest; sourceTree = BUILT_PRODUCTS_DIR; };
		CBE8FF8F218C8E8900213894 /* TheMovieDBUITests.swift */ = {isa = PBXFileReference; lastKnownFileType = sourcecode.swift; path = TheMovieDBUITests.swift; sourceTree = "<group>"; };
		CBE8FF91218C8E8900213894 /* Info.plist */ = {isa = PBXFileReference; lastKnownFileType = text.plist.xml; path = Info.plist; sourceTree = "<group>"; };
/* End PBXFileReference section */

/* Begin PBXFrameworksBuildPhase section */
		CBE8FF69218C8E8900213894 /* Frameworks */ = {
			isa = PBXFrameworksBuildPhase;
			buildActionMask = 2147483647;
			files = (
			);
			runOnlyForDeploymentPostprocessing = 0;
		};
		CBE8FF7D218C8E8900213894 /* Frameworks */ = {
			isa = PBXFrameworksBuildPhase;
			buildActionMask = 2147483647;
			files = (
			);
			runOnlyForDeploymentPostprocessing = 0;
		};
		CBE8FF88218C8E8900213894 /* Frameworks */ = {
			isa = PBXFrameworksBuildPhase;
			buildActionMask = 2147483647;
			files = (
			);
			runOnlyForDeploymentPostprocessing = 0;
		};
/* End PBXFrameworksBuildPhase section */

/* Begin PBXGroup section */
		CBE8FF63218C8E8800213894 = {
			isa = PBXGroup;
			children = (
				CBE8FF6E218C8E8900213894 /* TheMovieDB */,
				CBE8FF83218C8E8900213894 /* TheMovieDBTests */,
				CBE8FF8E218C8E8900213894 /* TheMovieDBUITests */,
				CBE8FF6D218C8E8900213894 /* Products */,
			);
			sourceTree = "<group>";
		};
		CBE8FF6D218C8E8900213894 /* Products */ = {
			isa = PBXGroup;
			children = (
				CBE8FF6C218C8E8900213894 /* TheMovieDB.app */,
				CBE8FF80218C8E8900213894 /* TheMovieDBTests.xctest */,
				CBE8FF8B218C8E8900213894 /* TheMovieDBUITests.xctest */,
			);
			name = Products;
			sourceTree = "<group>";
		};
		CBE8FF6E218C8E8900213894 /* TheMovieDB */ = {
			isa = PBXGroup;
			children = (
				CBE8FF6F218C8E8900213894 /* AppDelegate.swift */,
				CBE8FF71218C8E8900213894 /* ViewController.swift */,
				CBE8FF73218C8E8900213894 /* Main.storyboard */,
				CBE8FF76218C8E8900213894 /* Assets.xcassets */,
				CBE8FF78218C8E8900213894 /* LaunchScreen.storyboard */,
				CBE8FF7B218C8E8900213894 /* Info.plist */,
			);
			path = TheMovieDB;
			sourceTree = "<group>";
		};
		CBE8FF83218C8E8900213894 /* TheMovieDBTests */ = {
			isa = PBXGroup;
			children = (
				CBE8FF84218C8E8900213894 /* TheMovieDBTests.swift */,
				CBE8FF86218C8E8900213894 /* Info.plist */,
			);
			path = TheMovieDBTests;
			sourceTree = "<group>";
		};
		CBE8FF8E218C8E8900213894 /* TheMovieDBUITests */ = {
			isa = PBXGroup;
			children = (
				CBE8FF8F218C8E8900213894 /* TheMovieDBUITests.swift */,
				CBE8FF91218C8E8900213894 /* Info.plist */,
			);
			path = TheMovieDBUITests;
			sourceTree = "<group>";
		};
/* End PBXGroup section */

/* Begin PBXNativeTarget section */
		CBE8FF6B218C8E8900213894 /* TheMovieDB */ = {
			isa = PBXNativeTarget;
			buildConfigurationList = CBE8FF94218C8E8900213894 /* Build configuration list for PBXNativeTarget "TheMovieDB" */;
			buildPhases = (
				CBE8FF68218C8E8900213894 /* Sources */,
				CBE8FF69218C8E8900213894 /* Frameworks */,
				CBE8FF6A218C8E8900213894 /* Resources */,
			);
			buildRules = (
			);
			dependencies = (
			);
			name = TheMovieDB;
			productName = TheMovieDB;
			productReference = CBE8FF6C218C8E8900213894 /* TheMovieDB.app */;
			productType = "com.apple.product-type.application";
		};
		CBE8FF7F218C8E8900213894 /* TheMovieDBTests */ = {
			isa = PBXNativeTarget;
			buildConfigurationList = CBE8FF97218C8E8900213894 /* Build configuration list for PBXNativeTarget "TheMovieDBTests" */;
			buildPhases = (
				CBE8FF7C218C8E8900213894 /* Sources */,
				CBE8FF7D218C8E8900213894 /* Frameworks */,
				CBE8FF7E218C8E8900213894 /* Resources */,
			);
			buildRules = (
			);
			dependencies = (
				CBE8FF82218C8E8900213894 /* PBXTargetDependency */,
			);
			name = TheMovieDBTests;
			productName = TheMovieDBTests;
			productReference = CBE8FF80218C8E8900213894 /* TheMovieDBTests.xctest */;
			productType = "com.apple.product-type.bundle.unit-test";
		};
		CBE8FF8A218C8E8900213894 /* TheMovieDBUITests */ = {
			isa = PBXNativeTarget;
			buildConfigurationList = CBE8FF9A218C8E8900213894 /* Build configuration list for PBXNativeTarget "TheMovieDBUITests" */;
			buildPhases = (
				CBE8FF87218C8E8900213894 /* Sources */,
				CBE8FF88218C8E8900213894 /* Frameworks */,
				CBE8FF89218C8E8900213894 /* Resources */,
			);
			buildRules = (
			);
			dependencies = (
				CBE8FF8D218C8E8900213894 /* PBXTargetDependency */,
			);
			name = TheMovieDBUITests;
			productName = TheMovieDBUITests;
			productReference = CBE8FF8B218C8E8900213894 /* TheMovieDBUITests.xctest */;
			productType = "com.apple.product-type.bundle.ui-testing";
		};
/* End PBXNativeTarget section */

/* Begin PBXProject section */
		CBE8FF64218C8E8900213894 /* Project object */ = {
			isa = PBXProject;
			attributes = {
				LastSwiftUpdateCheck = 0920;
				LastUpgradeCheck = 0920;
				ORGANIZATIONNAME = "Appaji Tholeti";
				TargetAttributes = {
					CBE8FF6B218C8E8900213894 = {
						CreatedOnToolsVersion = 9.2;
						ProvisioningStyle = Automatic;
					};
					CBE8FF7F218C8E8900213894 = {
						CreatedOnToolsVersion = 9.2;
						ProvisioningStyle = Automatic;
						TestTargetID = CBE8FF6B218C8E8900213894;
					};
					CBE8FF8A218C8E8900213894 = {
						CreatedOnToolsVersion = 9.2;
						ProvisioningStyle = Automatic;
						TestTargetID = CBE8FF6B218C8E8900213894;
					};
				};
			};
			buildConfigurationList = CBE8FF67218C8E8900213894 /* Build configuration list for PBXProject "TheMovieDB" */;
			compatibilityVersion = "Xcode 8.0";
			developmentRegion = en;
			hasScannedForEncodings = 0;
			knownRegions = (
				en,
				Base,
			);
			mainGroup = CBE8FF63218C8E8800213894;
			productRefGroup = CBE8FF6D218C8E8900213894 /* Products */;
			projectDirPath = "";
			projectRoot = "";
			targets = (
				CBE8FF6B218C8E8900213894 /* TheMovieDB */,
				CBE8FF7F218C8E8900213894 /* TheMovieDBTests */,
				CBE8FF8A218C8E8900213894 /* TheMovieDBUITests */,
			);
		};
/* End PBXProject section */

/* Begin PBXResourcesBuildPhase section */
		CBE8FF6A218C8E8900213894 /* Resources */ = {
			isa = PBXResourcesBuildPhase;
			buildActionMask = 2147483647;
			files = (
				CBE8FF7A218C8E8900213894 /* LaunchScreen.storyboard in Resources */,
				CBE8FF77218C8E8900213894 /* Assets.xcassets in Resources */,
				CBE8FF75218C8E8900213894 /* Main.storyboard in Resources */,
			);
			runOnlyForDeploymentPostprocessing = 0;
		};
		CBE8FF7E218C8E8900213894 /* Resources */ = {
			isa = PBXResourcesBuildPhase;
			buildActionMask = 2147483647;
			files = (
			);
			runOnlyForDeploymentPostprocessing = 0;
		};
		CBE8FF89218C8E8900213894 /* Resources */ = {
			isa = PBXResourcesBuildPhase;
			buildActionMask = 2147483647;
			files = (
			);
			runOnlyForDeploymentPostprocessing = 0;
		};
/* End PBXResourcesBuildPhase section */

/* Begin PBXSourcesBuildPhase section */
		CBE8FF68218C8E8900213894 /* Sources */ = {
			isa = PBXSourcesBuildPhase;
			buildActionMask = 2147483647;
			files = (
				CBE8FF72218C8E8900213894 /* ViewController.swift in Sources */,
				CBE8FF70218C8E8900213894 /* AppDelegate.swift in Sources */,
			);
			runOnlyForDeploymentPostprocessing = 0;
		};
		CBE8FF7C218C8E8900213894 /* Sources */ = {
			isa = PBXSourcesBuildPhase;
			buildActionMask = 2147483647;
			files = (
				CBE8FF85218C8E8900213894 /* TheMovieDBTests.swift in Sources */,
			);
			runOnlyForDeploymentPostprocessing = 0;
		};
		CBE8FF87218C8E8900213894 /* Sources */ = {
			isa = PBXSourcesBuildPhase;
			buildActionMask = 2147483647;
			files = (
				CBE8FF90218C8E8900213894 /* TheMovieDBUITests.swift in Sources */,
			);
			runOnlyForDeploymentPostprocessing = 0;
		};
/* End PBXSourcesBuildPhase section */

/* Begin PBXTargetDependency section */
		CBE8FF82218C8E8900213894 /* PBXTargetDependency */ = {
			isa = PBXTargetDependency;
			target = CBE8FF6B218C8E8900213894 /* TheMovieDB */;
			targetProxy = CBE8FF81218C8E8900213894 /* PBXContainerItemProxy */;
		};
		CBE8FF8D218C8E8900213894 /* PBXTargetDependency */ = {
			isa = PBXTargetDependency;
			target = CBE8FF6B218C8E8900213894 /* TheMovieDB */;
			targetProxy = CBE8FF8C218C8E8900213894 /* PBXContainerItemProxy */;
		};
/* End PBXTargetDependency section */

/* Begin PBXVariantGroup section */
		CBE8FF73218C8E8900213894 /* Main.storyboard */ = {
			isa = PBXVariantGroup;
			children = (
				CBE8FF74218C8E8900213894 /* Base */,
			);
			name = Main.storyboard;
			sourceTree = "<group>";
		};
		CBE8FF78218C8E8900213894 /* LaunchScreen.storyboard */ = {
			isa = PBXVariantGroup;
			children = (
				CBE8FF79218C8E8900213894 /* Base */,
			);
			name = LaunchScreen.storyboard;
			sourceTree = "<group>";
		};
/* End PBXVariantGroup section */

/* Begin XCBuildConfiguration section */
		CBE8FF92218C8E8900213894 /* Debug */ = {
			isa = XCBuildConfiguration;
			buildSettings = {
				ALWAYS_SEARCH_USER_PATHS = NO;
				CLANG_ANALYZER_NONNULL = YES;
				CLANG_ANALYZER_NUMBER_OBJECT_CONVERSION = YES_AGGRESSIVE;
				CLANG_CXX_LANGUAGE_STANDARD = "gnu++14";
				CLANG_CXX_LIBRARY = "libc++";
				CLANG_ENABLE_MODULES = YES;
				CLANG_ENABLE_OBJC_ARC = YES;
				CLANG_WARN_BLOCK_CAPTURE_AUTORELEASING = YES;
				CLANG_WARN_BOOL_CONVERSION = YES;
				CLANG_WARN_COMMA = YES;
				CLANG_WARN_CONSTANT_CONVERSION = YES;
				CLANG_WARN_DIRECT_OBJC_ISA_USAGE = YES_ERROR;
				CLANG_WARN_DOCUMENTATION_COMMENTS = YES;
				CLANG_WARN_EMPTY_BODY = YES;
				CLANG_WARN_ENUM_CONVERSION = YES;
				CLANG_WARN_INFINITE_RECURSION = YES;
				CLANG_WARN_INT_CONVERSION = YES;
				CLANG_WARN_NON_LITERAL_NULL_CONVERSION = YES;
				CLANG_WARN_OBJC_LITERAL_CONVERSION = YES;
				CLANG_WARN_OBJC_ROOT_CLASS = YES_ERROR;
				CLANG_WARN_RANGE_LOOP_ANALYSIS = YES;
				CLANG_WARN_STRICT_PROTOTYPES = YES;
				CLANG_WARN_SUSPICIOUS_MOVE = YES;
				CLANG_WARN_UNGUARDED_AVAILABILITY = YES_AGGRESSIVE;
				CLANG_WARN_UNREACHABLE_CODE = YES;
				CLANG_WARN__DUPLICATE_METHOD_MATCH = YES;
				CODE_SIGN_IDENTITY = "iPhone Developer";
				COPY_PHASE_STRIP = NO;
				DEBUG_INFORMATION_FORMAT = dwarf;
				ENABLE_STRICT_OBJC_MSGSEND = YES;
				ENABLE_TESTABILITY = YES;
				GCC_C_LANGUAGE_STANDARD = gnu11;
				GCC_DYNAMIC_NO_PIC = NO;
				GCC_NO_COMMON_BLOCKS = YES;
				GCC_OPTIMIZATION_LEVEL = 0;
				GCC_PREPROCESSOR_DEFINITIONS = (
					"DEBUG=1",
					"$(inherited)",
				);
				GCC_WARN_64_TO_32_BIT_CONVERSION = YES;
				GCC_WARN_ABOUT_RETURN_TYPE = YES_ERROR;
				GCC_WARN_UNDECLARED_SELECTOR = YES;
				GCC_WARN_UNINITIALIZED_AUTOS = YES_AGGRESSIVE;
				GCC_WARN_UNUSED_FUNCTION = YES;
				GCC_WARN_UNUSED_VARIABLE = YES;
				IPHONEOS_DEPLOYMENT_TARGET = 11.2;
				MTL_ENABLE_DEBUG_INFO = YES;
				ONLY_ACTIVE_ARCH = YES;
				SDKROOT = iphoneos;
				SWIFT_ACTIVE_COMPILATION_CONDITIONS = DEBUG;
				SWIFT_OPTIMIZATION_LEVEL = "-Onone";
			};
			name = Debug;
		};
		CBE8FF93218C8E8900213894 /* Release */ = {
			isa = XCBuildConfiguration;
			buildSettings = {
				ALWAYS_SEARCH_USER_PATHS = NO;
				CLANG_ANALYZER_NONNULL = YES;
				CLANG_ANALYZER_NUMBER_OBJECT_CONVERSION = YES_AGGRESSIVE;
				CLANG_CXX_LANGUAGE_STANDARD = "gnu++14";
				CLANG_CXX_LIBRARY = "libc++";
				CLANG_ENABLE_MODULES = YES;
				CLANG_ENABLE_OBJC_ARC = YES;
				CLANG_WARN_BLOCK_CAPTURE_AUTORELEASING = YES;
				CLANG_WARN_BOOL_CONVERSION = YES;
				CLANG_WARN_COMMA = YES;
				CLANG_WARN_CONSTANT_CONVERSION = YES;
				CLANG_WARN_DIRECT_OBJC_ISA_USAGE = YES_ERROR;
				CLANG_WARN_DOCUMENTATION_COMMENTS = YES;
				CLANG_WARN_EMPTY_BODY = YES;
				CLANG_WARN_ENUM_CONVERSION = YES;
				CLANG_WARN_INFINITE_RECURSION = YES;
				CLANG_WARN_INT_CONVERSION = YES;
				CLANG_WARN_NON_LITERAL_NULL_CONVERSION = YES;
				CLANG_WARN_OBJC_LITERAL_CONVERSION = YES;
				CLANG_WARN_OBJC_ROOT_CLASS = YES_ERROR;
				CLANG_WARN_RANGE_LOOP_ANALYSIS = YES;
				CLANG_WARN_STRICT_PROTOTYPES = YES;
				CLANG_WARN_SUSPICIOUS_MOVE = YES;
				CLANG_WARN_UNGUARDED_AVAILABILITY = YES_AGGRESSIVE;
				CLANG_WARN_UNREACHABLE_CODE = YES;
				CLANG_WARN__DUPLICATE_METHOD_MATCH = YES;
				CODE_SIGN_IDENTITY = "iPhone Developer";
				COPY_PHASE_STRIP = NO;
				DEBUG_INFORMATION_FORMAT = "dwarf-with-dsym";
				ENABLE_NS_ASSERTIONS = NO;
				ENABLE_STRICT_OBJC_MSGSEND = YES;
				GCC_C_LANGUAGE_STANDARD = gnu11;
				GCC_NO_COMMON_BLOCKS = YES;
				GCC_WARN_64_TO_32_BIT_CONVERSION = YES;
				GCC_WARN_ABOUT_RETURN_TYPE = YES_ERROR;
				GCC_WARN_UNDECLARED_SELECTOR = YES;
				GCC_WARN_UNINITIALIZED_AUTOS = YES_AGGRESSIVE;
				GCC_WARN_UNUSED_FUNCTION = YES;
				GCC_WARN_UNUSED_VARIABLE = YES;
				IPHONEOS_DEPLOYMENT_TARGET = 11.2;
				MTL_ENABLE_DEBUG_INFO = NO;
				SDKROOT = iphoneos;
				SWIFT_OPTIMIZATION_LEVEL = "-Owholemodule";
				VALIDATE_PRODUCT = YES;
			};
			name = Release;
		};
		CBE8FF95218C8E8900213894 /* Debug */ = {
			isa = XCBuildConfiguration;
			buildSettings = {
				ASSETCATALOG_COMPILER_APPICON_NAME = AppIcon;
				CODE_SIGN_STYLE = Automatic;
				INFOPLIST_FILE = TheMovieDB/Info.plist;
				LD_RUNPATH_SEARCH_PATHS = "$(inherited) @executable_path/Frameworks";
				PRODUCT_BUNDLE_IDENTIFIER = appaji.TheMovieDB;
				PRODUCT_NAME = "$(TARGET_NAME)";
				SWIFT_VERSION = 4.0;
				TARGETED_DEVICE_FAMILY = "1,2";
			};
			name = Debug;
		};
		CBE8FF96218C8E8900213894 /* Release */ = {
			isa = XCBuildConfiguration;
			buildSettings = {
				ASSETCATALOG_COMPILER_APPICON_NAME = AppIcon;
				CODE_SIGN_STYLE = Automatic;
				INFOPLIST_FILE = TheMovieDB/Info.plist;
				LD_RUNPATH_SEARCH_PATHS = "$(inherited) @executable_path/Frameworks";
				PRODUCT_BUNDLE_IDENTIFIER = appaji.TheMovieDB;
				PRODUCT_NAME = "$(TARGET_NAME)";
				SWIFT_VERSION = 4.0;
				TARGETED_DEVICE_FAMILY = "1,2";
			};
			name = Release;
		};
		CBE8FF98218C8E8900213894 /* Debug */ = {
			isa = XCBuildConfiguration;
			buildSettings = {
				ALWAYS_EMBED_SWIFT_STANDARD_LIBRARIES = YES;
				BUNDLE_LOADER = "$(TEST_HOST)";
				CODE_SIGN_STYLE = Automatic;
				INFOPLIST_FILE = TheMovieDBTests/Info.plist;
				LD_RUNPATH_SEARCH_PATHS = "$(inherited) @executable_path/Frameworks @loader_path/Frameworks";
				PRODUCT_BUNDLE_IDENTIFIER = appaji.TheMovieDBTests;
				PRODUCT_NAME = "$(TARGET_NAME)";
				SWIFT_VERSION = 4.0;
				TARGETED_DEVICE_FAMILY = "1,2";
				TEST_HOST = "$(BUILT_PRODUCTS_DIR)/TheMovieDB.app/TheMovieDB";
			};
			name = Debug;
		};
		CBE8FF99218C8E8900213894 /* Release */ = {
			isa = XCBuildConfiguration;
			buildSettings = {
				ALWAYS_EMBED_SWIFT_STANDARD_LIBRARIES = YES;
				BUNDLE_LOADER = "$(TEST_HOST)";
				CODE_SIGN_STYLE = Automatic;
				INFOPLIST_FILE = TheMovieDBTests/Info.plist;
				LD_RUNPATH_SEARCH_PATHS = "$(inherited) @executable_path/Frameworks @loader_path/Frameworks";
				PRODUCT_BUNDLE_IDENTIFIER = appaji.TheMovieDBTests;
				PRODUCT_NAME = "$(TARGET_NAME)";
				SWIFT_VERSION = 4.0;
				TARGETED_DEVICE_FAMILY = "1,2";
				TEST_HOST = "$(BUILT_PRODUCTS_DIR)/TheMovieDB.app/TheMovieDB";
			};
			name = Release;
		};
		CBE8FF9B218C8E8900213894 /* Debug */ = {
			isa = XCBuildConfiguration;
			buildSettings = {
				ALWAYS_EMBED_SWIFT_STANDARD_LIBRARIES = YES;
				CODE_SIGN_STYLE = Automatic;
				INFOPLIST_FILE = TheMovieDBUITests/Info.plist;
				LD_RUNPATH_SEARCH_PATHS = "$(inherited) @executable_path/Frameworks @loader_path/Frameworks";
				PRODUCT_BUNDLE_IDENTIFIER = appaji.TheMovieDBUITests;
				PRODUCT_NAME = "$(TARGET_NAME)";
				SWIFT_VERSION = 4.0;
				TARGETED_DEVICE_FAMILY = "1,2";
				TEST_TARGET_NAME = TheMovieDB;
			};
			name = Debug;
		};
		CBE8FF9C218C8E8900213894 /* Release */ = {
			isa = XCBuildConfiguration;
			buildSettings = {
				ALWAYS_EMBED_SWIFT_STANDARD_LIBRARIES = YES;
				CODE_SIGN_STYLE = Automatic;
				INFOPLIST_FILE = TheMovieDBUITests/Info.plist;
				LD_RUNPATH_SEARCH_PATHS = "$(inherited) @executable_path/Frameworks @loader_path/Frameworks";
				PRODUCT_BUNDLE_IDENTIFIER = appaji.TheMovieDBUITests;
				PRODUCT_NAME = "$(TARGET_NAME)";
				SWIFT_VERSION = 4.0;
				TARGETED_DEVICE_FAMILY = "1,2";
				TEST_TARGET_NAME = TheMovieDB;
			};
			name = Release;
		};
/* End XCBuildConfiguration section */

/* Begin XCConfigurationList section */
		CBE8FF67218C8E8900213894 /* Build configuration list for PBXProject "TheMovieDB" */ = {
			isa = XCConfigurationList;
			buildConfigurations = (
				CBE8FF92218C8E8900213894 /* Debug */,
				CBE8FF93218C8E8900213894 /* Release */,
			);
			defaultConfigurationIsVisible = 0;
			defaultConfigurationName = Release;
		};
		CBE8FF94218C8E8900213894 /* Build configuration list for PBXNativeTarget "TheMovieDB" */ = {
			isa = XCConfigurationList;
			buildConfigurations = (
				CBE8FF95218C8E8900213894 /* Debug */,
				CBE8FF96218C8E8900213894 /* Release */,
			);
			defaultConfigurationIsVisible = 0;
			defaultConfigurationName = Release;
		};
		CBE8FF97218C8E8900213894 /* Build configuration list for PBXNativeTarget "TheMovieDBTests" */ = {
			isa = XCConfigurationList;
			buildConfigurations = (
				CBE8FF98218C8E8900213894 /* Debug */,
				CBE8FF99218C8E8900213894 /* Release */,
			);
			defaultConfigurationIsVisible = 0;
			defaultConfigurationName = Release;
		};
		CBE8FF9A218C8E8900213894 /* Build configuration list for PBXNativeTarget "TheMovieDBUITests" */ = {
			isa = XCConfigurationList;
			buildConfigurations = (
				CBE8FF9B218C8E8900213894 /* Debug */,
				CBE8FF9C218C8E8900213894 /* Release */,
			);
			defaultConfigurationIsVisible = 0;
			defaultConfigurationName = Release;
		};
/* End XCConfigurationList section */
	};
	rootObject = CBE8FF64218C8E8900213894 /* Project object */;
}
